{
  "name": "geo-file-type",
  "version": "0.0.1",
  "lockfileVersion": 1,
  "requires": true,
  "dependencies": {
    "ascii-grid": {
      "version": "0.1.2",
      "resolved": "https://registry.npmjs.org/ascii-grid/-/ascii-grid-0.1.2.tgz",
      "integrity": "sha512-UJKncDYv3DyEjgIOgvBRmkBTzDxjMghw6YozVzrLL0jUoOwxAjobuWszrlPw/EmagqLYpMsP36bA1lfOXB15+A=="
    },
    "aux-xml": {
      "version": "0.0.0",
      "resolved": "https://registry.npmjs.org/aux-xml/-/aux-xml-0.0.0.tgz",
      "integrity": "sha512-vLWwn0HHy+8Z3vmOaU35uc29lXVa6mIky8ITpcFbkPbAj7bhksT/h7Ol6UG2+IsCyd2IFawg9FOy5fNIjU0KFw==",
      "requires": {
        "get-byte": "0.0.0",
        "xml-utils": "^0.2.0"
      }
    },
    "cross-fetch": {
      "version": "3.0.6",
      "resolved": "https://registry.npmjs.org/cross-fetch/-/cross-fetch-3.0.6.tgz",
      "integrity": "sha512-KBPUbqgFjzWlVcURG+Svp9TlhA5uliYtiNx/0r8nv0pdypeQCRJ9IaSIc3q/x3q8t3F75cHuwxVql1HFGHCNJQ==",
      "dev": true,
      "requires": {
        "node-fetch": "2.6.1"
      }
    },
    "get-byte": {
      "version": "0.0.0",
      "resolved": "https://registry.npmjs.org/get-byte/-/get-byte-0.0.0.tgz",
      "integrity": "sha512-dFdDPbQR4zCgSxsmMEjVrLHtvSdTVqb2JUfcZ8KYhXUQD8eiE7uTgeHzse5K479Kd8IIRt6503+2gmQhahvJyg=="
    },
    "has-bytes": {
      "version": "0.0.2",
      "resolved": "https://registry.npmjs.org/has-bytes/-/has-bytes-0.0.2.tgz",
      "integrity": "sha512-EMJmvu981+up4KcyuLxsp3ASif7KSLEXpMWG8gxgupYCWUUaDKmOzq1taqni5W1/xgXZVboZxqsuUgBc7NfHRQ==",
      "requires": {
        "has-subarrays": "0.0.2"
      }
    },
    "has-subarrays": {
      "version": "0.0.2",
      "resolved": "https://registry.npmjs.org/has-subarrays/-/has-subarrays-0.0.2.tgz",
      "integrity": "sha512-DOZxIc0MAL72bPzWVVODHbItlU0c+j2ravtsLCQcTBXvCYltvXz8btrOXlFttfQFb8VGVPcDiaqIQk7v/LMW3g=="
    },
    "id-jpg": {
      "version": "0.0.1",
      "resolved": "https://registry.npmjs.org/id-jpg/-/id-jpg-0.0.1.tgz",
      "integrity": "sha512-AdH6c9W0gW3IlYspK9nOKIS9AodUPzLU40Y3gb9uoc36/XislQxy6yjZg02oK9D7OkAy7TVztc2tfv7vB5Z22A==",
      "requires": {
        "get-byte": "0.0.0"
      }
    },
    "id-png": {
      "version": "0.0.0",
      "resolved": "https://registry.npmjs.org/id-png/-/id-png-0.0.0.tgz",
      "integrity": "sha512-UijIkafJ4A9Hmm6nPe9zuGc4wTzbczFy87gWkaxgjx//pwInn//sTOM5P2shQoyLuggFK26vLzij0iafP3O0DA==",
      "requires": {
        "get-byte": "0.0.0"
      }
    },
    "id-tif": {
      "version": "0.0.1",
      "resolved": "https://registry.npmjs.org/id-tif/-/id-tif-0.0.1.tgz",
      "integrity": "sha512-dtyNxVbaH8/EpdlyXtl9hAusW7t/UYwezjY5NSK3MpF6RrOSlfjcBitX8tsYDwu2tZkEnkjn3/5kWNQOprHAlA==",
      "requires": {
        "get-byte": "0.0.0"
      }
    },
    "is-cog": {
      "version": "0.0.1",
      "resolved": "https://registry.npmjs.org/is-cog/-/is-cog-0.0.1.tgz",
      "integrity": "sha512-MxAkRfP7Ew2wUgjqm4vQoKkYoPOP2OhWpXGs6vy2qf5bOHp7+69iuMfotSL6UAh73ZA7tAdY+gobZR4PQN7kTg==",
      "requires": {
        "has-bytes": "0.0.2",
        "id-tif": "0.0.1",
        "is-geotiff": "0.0.1"
      }
    },
    "is-geotiff": {
      "version": "0.0.1",
      "resolved": "https://registry.npmjs.org/is-geotiff/-/is-geotiff-0.0.1.tgz",
      "integrity": "sha512-tSn7STLdLZVxSFXSu9X5xmVtgKWsTcD/4eQFNH+P318MEvnv+FaOkTVY0pZK848ixfn2hl3MhDLDESkAqFxegQ==",
      "requires": {
        "has-bytes": "0.0.2"
      }
    },
    "is-shp": {
      "version": "0.0.1",
      "resolved": "https://registry.npmjs.org/is-shp/-/is-shp-0.0.1.tgz",
      "integrity": "sha512-WOq1Sl2jRe/QgLZPYyn+Z8zC+JsQl2LlU6lvX6Ucz2izCfFMojdrhIMEcW81G2cMP8iN4KwN0Zgpj46FRHdQMg==",
      "requires": {
        "get-byte": "0.0.0"
      }
    },
    "is-wld": {
      "version": "1.0.0",
      "resolved": "https://registry.npmjs.org/is-wld/-/is-wld-1.0.0.tgz",
      "integrity": "sha512-Y6hIvTUqugroIQcAuSDsbMX7q2iwNjYk3AVsuXUhhuFAdOFfkKXD6PHLOoUv4+ZjeUpo4YiNFcISjSjWR4e2WA=="
    },
    "node-fetch": {
      "version": "2.6.1",
      "resolved": "https://registry.npmjs.org/node-fetch/-/node-fetch-2.6.1.tgz",
      "integrity": "sha512-V4aYg89jEoVRxRb2fJdAg8FHvI7cEyYdVAh94HH0UIK8oJxUfkjlDQN9RbMx+bEjP7+ggMiFRprSti032Oipxw==",
      "dev": true
    },
    "xml-utils": {
      "version": "0.2.0",
      "resolved": "https://registry.npmjs.org/xml-utils/-/xml-utils-0.2.0.tgz",
      "integrity": "sha512-xun/4Ls9hrelX0dSMS6HH5wAWNspUs4/VmG+xOVALqYqMQXMy/1WKeiRR5nhYbMCp5UG/YF6XaSdU3AvwgxVSQ=="
    }
  }
}
